# THIS IS AN AUTOGENERATED FILE. DO NOT EDIT THIS FILE DIRECTLY.
# yarn lockfile v1


"@cypress/listr-verbose-renderer@^0.4.1":
  version "0.4.1"
  resolved "https://registry.yarnpkg.com/@cypress/listr-verbose-renderer/-/listr-verbose-renderer-0.4.1.tgz"
  dependencies:
    chalk "^1.1.3"
    cli-cursor "^1.0.2"
    date-fns "^1.27.2"
    figures "^1.7.0"

"@cypress/request@^2.88.5":
  version "2.88.5"
  resolved "https://registry.yarnpkg.com/@cypress/request/-/request-2.88.5.tgz"
  dependencies:
    aws-sign2 "~0.7.0"
    aws4 "^1.8.0"
    caseless "~0.12.0"
    combined-stream "~1.0.6"
    extend "~3.0.2"
    forever-agent "~0.6.1"
    form-data "~2.3.2"
    har-validator "~5.1.3"
    http-signature "~1.2.0"
    is-typedarray "~1.0.0"
    isstream "~0.1.2"
    json-stringify-safe "~5.0.1"
    mime-types "~2.1.19"
    oauth-sign "~0.9.0"
    performance-now "^2.1.0"
    qs "~6.5.2"
    safe-buffer "^5.1.2"
    tough-cookie "~2.5.0"
    tunnel-agent "^0.6.0"
    uuid "^3.3.2"

"@cypress/xvfb@^1.2.4":
  version "1.2.4"
  resolved "https://registry.yarnpkg.com/@cypress/xvfb/-/xvfb-1.2.4.tgz"
  dependencies:
    debug "^3.1.0"
    lodash.once "^4.1.1"

"@samverschueren/stream-to-observable@^0.3.0":
  version "0.3.1"
  resolved "https://registry.yarnpkg.com/@samverschueren/stream-to-observable/-/stream-to-observable-0.3.1.tgz"
  dependencies:
    any-observable "^0.3.0"

"@types/color-name@^1.1.1":
  version "1.1.1"
  resolved "https://registry.yarnpkg.com/@types/color-name/-/color-name-1.1.1.tgz"

"@types/sinonjs__fake-timers@^6.0.1":
  version "6.0.1"
  resolved "https://registry.yarnpkg.com/@types/sinonjs__fake-timers/-/sinonjs__fake-timers-6.0.1.tgz"

"@types/sizzle@^2.3.2":
  version "2.3.2"
  resolved "https://registry.yarnpkg.com/@types/sizzle/-/sizzle-2.3.2.tgz"

ajv@^6.12.3:
  version "6.12.4"
  resolved "https://registry.yarnpkg.com/ajv/-/ajv-6.12.4.tgz"
  dependencies:
    fast-deep-equal "^3.1.1"
    fast-json-stable-stringify "^2.0.0"
    json-schema-traverse "^0.4.1"
    uri-js "^4.2.2"

ansi-escapes@^3.0.0:
  version "3.2.0"
  resolved "https://registry.yarnpkg.com/ansi-escapes/-/ansi-escapes-3.2.0.tgz"

ansi-regex@^2.0.0:
  version "2.1.1"
  resolved "https://registry.yarnpkg.com/ansi-regex/-/ansi-regex-2.1.1.tgz"

ansi-regex@^3.0.0:
  version "3.0.0"
  resolved "https://registry.yarnpkg.com/ansi-regex/-/ansi-regex-3.0.0.tgz"

ansi-regex@^5.0.0:
  version "5.0.0"
  resolved "https://registry.yarnpkg.com/ansi-regex/-/ansi-regex-5.0.0.tgz"

ansi-styles@^2.2.1:
  version "2.2.1"
  resolved "https://registry.yarnpkg.com/ansi-styles/-/ansi-styles-2.2.1.tgz"

ansi-styles@^3.2.1:
  version "3.2.1"
  resolved "https://registry.yarnpkg.com/ansi-styles/-/ansi-styles-3.2.1.tgz"
  dependencies:
    color-convert "^1.9.0"

ansi-styles@^4.1.0:
  version "4.2.1"
  resolved "https://registry.yarnpkg.com/ansi-styles/-/ansi-styles-4.2.1.tgz"
  dependencies:
    "@types/color-name" "^1.1.1"
    color-convert "^2.0.1"

any-observable@^0.3.0:
  version "0.3.0"
  resolved "https://registry.yarnpkg.com/any-observable/-/any-observable-0.3.0.tgz"

arch@^2.1.2:
  version "2.1.2"
  resolved "https://registry.yarnpkg.com/arch/-/arch-2.1.2.tgz"

asn1@~0.2.3:
  version "0.2.4"
  resolved "https://registry.yarnpkg.com/asn1/-/asn1-0.2.4.tgz"
  dependencies:
    safer-buffer "~2.1.0"

assert-plus@1.0.0, assert-plus@^1.0.0:
  version "1.0.0"
  resolved "https://registry.yarnpkg.com/assert-plus/-/assert-plus-1.0.0.tgz"

async@^3.2.0:
  version "3.2.0"
  resolved "https://registry.yarnpkg.com/async/-/async-3.2.0.tgz"

asynckit@^0.4.0:
  version "0.4.0"
  resolved "https://registry.yarnpkg.com/asynckit/-/asynckit-0.4.0.tgz"

at-least-node@^1.0.0:
  version "1.0.0"
  resolved "https://registry.yarnpkg.com/at-least-node/-/at-least-node-1.0.0.tgz"

aws-sign2@~0.7.0:
  version "0.7.0"
  resolved "https://registry.yarnpkg.com/aws-sign2/-/aws-sign2-0.7.0.tgz"

aws4@^1.8.0:
  version "1.10.1"
  resolved "https://registry.yarnpkg.com/aws4/-/aws4-1.10.1.tgz"

balanced-match@^1.0.0:
  version "1.0.0"
  resolved "https://registry.yarnpkg.com/balanced-match/-/balanced-match-1.0.0.tgz"

bcrypt-pbkdf@^1.0.0:
  version "1.0.2"
  resolved "https://registry.yarnpkg.com/bcrypt-pbkdf/-/bcrypt-pbkdf-1.0.2.tgz"
  dependencies:
    tweetnacl "^0.14.3"

blob-util@2.0.2:
  version "2.0.2"
  resolved "https://registry.yarnpkg.com/blob-util/-/blob-util-2.0.2.tgz"

bluebird@^3.7.2:
  version "3.7.2"
  resolved "https://registry.yarnpkg.com/bluebird/-/bluebird-3.7.2.tgz"

brace-expansion@^1.1.7:
  version "1.1.11"
  resolved "https://registry.yarnpkg.com/brace-expansion/-/brace-expansion-1.1.11.tgz"
  dependencies:
    balanced-match "^1.0.0"
    concat-map "0.0.1"

buffer-crc32@~0.2.3:
  version "0.2.13"
  resolved "https://registry.yarnpkg.com/buffer-crc32/-/buffer-crc32-0.2.13.tgz"

buffer-from@^1.0.0:
  version "1.1.1"
  resolved "https://registry.yarnpkg.com/buffer-from/-/buffer-from-1.1.1.tgz"

cachedir@^2.3.0:
  version "2.3.0"
  resolved "https://registry.yarnpkg.com/cachedir/-/cachedir-2.3.0.tgz"

caseless@~0.12.0:
  version "0.12.0"
  resolved "https://registry.yarnpkg.com/caseless/-/caseless-0.12.0.tgz"

chai-exclude@^2.0.2:
  version "2.0.2"
  resolved "https://registry.npmjs.org/chai-exclude/-/chai-exclude-2.0.2.tgz"
  dependencies:
    fclone "^1.0.11"

chai-json-schema@^1.5.1:
  version "1.5.1"
  resolved "https://registry.npmjs.org/chai-json-schema/-/chai-json-schema-1.5.1.tgz"
  dependencies:
    jsonpointer.js "0.4.0"
    tv4 "^1.3.0"

chalk@^1.0.0, chalk@^1.1.3:
  version "1.1.3"
  resolved "https://registry.yarnpkg.com/chalk/-/chalk-1.1.3.tgz"
  dependencies:
    ansi-styles "^2.2.1"
    escape-string-regexp "^1.0.2"
    has-ansi "^2.0.0"
    strip-ansi "^3.0.0"
    supports-color "^2.0.0"

chalk@^2.4.1:
  version "2.4.2"
  resolved "https://registry.yarnpkg.com/chalk/-/chalk-2.4.2.tgz"
  dependencies:
    ansi-styles "^3.2.1"
    escape-string-regexp "^1.0.5"
    supports-color "^5.3.0"

chalk@^4.0.0, chalk@^4.1.0:
  version "4.1.0"
  resolved "https://registry.yarnpkg.com/chalk/-/chalk-4.1.0.tgz"
  dependencies:
    ansi-styles "^4.1.0"
    supports-color "^7.1.0"

check-more-types@^2.24.0:
  version "2.24.0"
  resolved "https://registry.yarnpkg.com/check-more-types/-/check-more-types-2.24.0.tgz"

ci-info@^2.0.0:
  version "2.0.0"
  resolved "https://registry.yarnpkg.com/ci-info/-/ci-info-2.0.0.tgz"

cli-cursor@^1.0.2:
  version "1.0.2"
  resolved "https://registry.yarnpkg.com/cli-cursor/-/cli-cursor-1.0.2.tgz"
  dependencies:
    restore-cursor "^1.0.1"

cli-cursor@^2.0.0, cli-cursor@^2.1.0:
  version "2.1.0"
  resolved "https://registry.yarnpkg.com/cli-cursor/-/cli-cursor-2.1.0.tgz"
  dependencies:
    restore-cursor "^2.0.0"

cli-table3@~0.6.0:
  version "0.6.0"
  resolved "https://registry.yarnpkg.com/cli-table3/-/cli-table3-0.6.0.tgz"
  dependencies:
    object-assign "^4.1.0"
    string-width "^4.2.0"
  optionalDependencies:
    colors "^1.1.2"

cli-truncate@^0.2.1:
  version "0.2.1"
  resolved "https://registry.yarnpkg.com/cli-truncate/-/cli-truncate-0.2.1.tgz"
  dependencies:
    slice-ansi "0.0.4"
    string-width "^1.0.1"

code-point-at@^1.0.0:
  version "1.1.0"
  resolved "https://registry.yarnpkg.com/code-point-at/-/code-point-at-1.1.0.tgz"

color-convert@^1.9.0:
  version "1.9.3"
  resolved "https://registry.yarnpkg.com/color-convert/-/color-convert-1.9.3.tgz"
  dependencies:
    color-name "1.1.3"

color-convert@^2.0.1:
  version "2.0.1"
  resolved "https://registry.yarnpkg.com/color-convert/-/color-convert-2.0.1.tgz"
  dependencies:
    color-name "~1.1.4"

color-name@1.1.3:
  version "1.1.3"
  resolved "https://registry.yarnpkg.com/color-name/-/color-name-1.1.3.tgz"

color-name@~1.1.4:
  version "1.1.4"
  resolved "https://registry.yarnpkg.com/color-name/-/color-name-1.1.4.tgz"

colors@^1.1.2:
  version "1.4.0"
  resolved "https://registry.yarnpkg.com/colors/-/colors-1.4.0.tgz"

combined-stream@^1.0.6, combined-stream@~1.0.6:
  version "1.0.8"
  resolved "https://registry.yarnpkg.com/combined-stream/-/combined-stream-1.0.8.tgz"
  dependencies:
    delayed-stream "~1.0.0"

commander@^5.1.0:
  version "5.1.0"
  resolved "https://registry.yarnpkg.com/commander/-/commander-5.1.0.tgz"

common-tags@^1.8.0:
  version "1.8.0"
  resolved "https://registry.yarnpkg.com/common-tags/-/common-tags-1.8.0.tgz"

concat-map@0.0.1:
  version "0.0.1"
  resolved "https://registry.yarnpkg.com/concat-map/-/concat-map-0.0.1.tgz"

concat-stream@^1.6.2:
  version "1.6.2"
  resolved "https://registry.yarnpkg.com/concat-stream/-/concat-stream-1.6.2.tgz"
  dependencies:
    buffer-from "^1.0.0"
    inherits "^2.0.3"
    readable-stream "^2.2.2"
    typedarray "^0.0.6"

core-util-is@1.0.2, core-util-is@~1.0.0:
  version "1.0.2"
  resolved "https://registry.yarnpkg.com/core-util-is/-/core-util-is-1.0.2.tgz"

cross-spawn@^7.0.0:
  version "7.0.3"
  resolved "https://registry.yarnpkg.com/cross-spawn/-/cross-spawn-7.0.3.tgz"
  dependencies:
    path-key "^3.1.0"
    shebang-command "^2.0.0"
    which "^2.0.1"

cypress@^6.0.0:
  version "6.0.0"
  resolved "https://registry.yarnpkg.com/cypress/-/cypress-6.0.0.tgz"
  dependencies:
    "@cypress/listr-verbose-renderer" "^0.4.1"
    "@cypress/request" "^2.88.5"
    "@cypress/xvfb" "^1.2.4"
    "@types/sinonjs__fake-timers" "^6.0.1"
    "@types/sizzle" "^2.3.2"
    arch "^2.1.2"
    blob-util "2.0.2"
    bluebird "^3.7.2"
    cachedir "^2.3.0"
    chalk "^4.1.0"
    check-more-types "^2.24.0"
    cli-table3 "~0.6.0"
    commander "^5.1.0"
    common-tags "^1.8.0"
    debug "^4.1.1"
    eventemitter2 "^6.4.2"
    execa "^4.0.2"
    executable "^4.1.1"
    extract-zip "^1.7.0"
    fs-extra "^9.0.1"
    getos "^3.2.1"
    is-ci "^2.0.0"
    is-installed-globally "^0.3.2"
    lazy-ass "^1.6.0"
    listr "^0.14.3"
    lodash "^4.17.19"
    log-symbols "^4.0.0"
    minimist "^1.2.5"
    moment "^2.27.0"
    ospath "^1.2.2"
    pretty-bytes "^5.4.1"
    ramda "~0.26.1"
    request-progress "^3.0.0"
    supports-color "^7.2.0"
    tmp "~0.2.1"
    untildify "^4.0.0"
    url "^0.11.0"
    yauzl "^2.10.0"

dashdash@^1.12.0:
  version "1.14.1"
  resolved "https://registry.yarnpkg.com/dashdash/-/dashdash-1.14.1.tgz"
  dependencies:
    assert-plus "^1.0.0"

date-fns@^1.27.2:
  version "1.30.1"
  resolved "https://registry.yarnpkg.com/date-fns/-/date-fns-1.30.1.tgz"

debug@^2.6.9:
  version "2.6.9"
  resolved "https://registry.yarnpkg.com/debug/-/debug-2.6.9.tgz"
  dependencies:
    ms "2.0.0"

debug@^3.1.0:
  version "3.2.6"
  resolved "https://registry.yarnpkg.com/debug/-/debug-3.2.6.tgz"
  dependencies:
    ms "^2.1.1"

debug@^4.1.1:
  version "4.1.1"
  resolved "https://registry.yarnpkg.com/debug/-/debug-4.1.1.tgz"
  dependencies:
    ms "^2.1.1"

delayed-stream@~1.0.0:
  version "1.0.0"
  resolved "https://registry.yarnpkg.com/delayed-stream/-/delayed-stream-1.0.0.tgz"

ecc-jsbn@~0.1.1:
  version "0.1.2"
  resolved "https://registry.yarnpkg.com/ecc-jsbn/-/ecc-jsbn-0.1.2.tgz"
  dependencies:
    jsbn "~0.1.0"
    safer-buffer "^2.1.0"

elegant-spinner@^1.0.1:
  version "1.0.1"
  resolved "https://registry.yarnpkg.com/elegant-spinner/-/elegant-spinner-1.0.1.tgz"

emoji-regex@^8.0.0:
  version "8.0.0"
  resolved "https://registry.yarnpkg.com/emoji-regex/-/emoji-regex-8.0.0.tgz"

end-of-stream@^1.1.0:
  version "1.4.4"
  resolved "https://registry.yarnpkg.com/end-of-stream/-/end-of-stream-1.4.4.tgz"
  dependencies:
    once "^1.4.0"

escape-string-regexp@^1.0.2, escape-string-regexp@^1.0.5:
  version "1.0.5"
  resolved "https://registry.yarnpkg.com/escape-string-regexp/-/escape-string-regexp-1.0.5.tgz"

eventemitter2@^6.4.2:
  version "6.4.3"
  resolved "https://registry.yarnpkg.com/eventemitter2/-/eventemitter2-6.4.3.tgz"

execa@^4.0.2:
  version "4.0.3"
  resolved "https://registry.yarnpkg.com/execa/-/execa-4.0.3.tgz"
  dependencies:
    cross-spawn "^7.0.0"
    get-stream "^5.0.0"
    human-signals "^1.1.1"
    is-stream "^2.0.0"
    merge-stream "^2.0.0"
    npm-run-path "^4.0.0"
    onetime "^5.1.0"
    signal-exit "^3.0.2"
    strip-final-newline "^2.0.0"

executable@^4.1.1:
  version "4.1.1"
  resolved "https://registry.yarnpkg.com/executable/-/executable-4.1.1.tgz"
  dependencies:
    pify "^2.2.0"

exit-hook@^1.0.0:
  version "1.1.1"
  resolved "https://registry.yarnpkg.com/exit-hook/-/exit-hook-1.1.1.tgz"

extend@~3.0.2:
  version "3.0.2"
  resolved "https://registry.yarnpkg.com/extend/-/extend-3.0.2.tgz"

extract-zip@^1.7.0:
  version "1.7.0"
  resolved "https://registry.yarnpkg.com/extract-zip/-/extract-zip-1.7.0.tgz"
  dependencies:
    concat-stream "^1.6.2"
    debug "^2.6.9"
    mkdirp "^0.5.4"
    yauzl "^2.10.0"

extsprintf@1.3.0:
  version "1.3.0"
  resolved "https://registry.yarnpkg.com/extsprintf/-/extsprintf-1.3.0.tgz"

extsprintf@^1.2.0:
  version "1.4.0"
  resolved "https://registry.yarnpkg.com/extsprintf/-/extsprintf-1.4.0.tgz"

fast-deep-equal@^3.1.1:
  version "3.1.3"
  resolved "https://registry.yarnpkg.com/fast-deep-equal/-/fast-deep-equal-3.1.3.tgz"

fast-json-stable-stringify@^2.0.0:
  version "2.1.0"
  resolved "https://registry.yarnpkg.com/fast-json-stable-stringify/-/fast-json-stable-stringify-2.1.0.tgz"

fclone@^1.0.11:
  version "1.0.11"
  resolved "https://registry.npmjs.org/fclone/-/fclone-1.0.11.tgz"

fd-slicer@~1.1.0:
  version "1.1.0"
  resolved "https://registry.yarnpkg.com/fd-slicer/-/fd-slicer-1.1.0.tgz"
  dependencies:
    pend "~1.2.0"

figures@^1.7.0:
  version "1.7.0"
  resolved "https://registry.yarnpkg.com/figures/-/figures-1.7.0.tgz"
  dependencies:
    escape-string-regexp "^1.0.5"
    object-assign "^4.1.0"

figures@^2.0.0:
  version "2.0.0"
  resolved "https://registry.yarnpkg.com/figures/-/figures-2.0.0.tgz"
  dependencies:
    escape-string-regexp "^1.0.5"

forever-agent@~0.6.1:
  version "0.6.1"
  resolved "https://registry.yarnpkg.com/forever-agent/-/forever-agent-0.6.1.tgz"

form-data@~2.3.2:
  version "2.3.3"
  resolved "https://registry.yarnpkg.com/form-data/-/form-data-2.3.3.tgz"
  dependencies:
    asynckit "^0.4.0"
    combined-stream "^1.0.6"
    mime-types "^2.1.12"

fs-extra@^9.0.1:
  version "9.0.1"
  resolved "https://registry.yarnpkg.com/fs-extra/-/fs-extra-9.0.1.tgz"
  dependencies:
    at-least-node "^1.0.0"
    graceful-fs "^4.2.0"
    jsonfile "^6.0.1"
    universalify "^1.0.0"

fs.realpath@^1.0.0:
  version "1.0.0"
  resolved "https://registry.yarnpkg.com/fs.realpath/-/fs.realpath-1.0.0.tgz"

get-stream@^5.0.0:
  version "5.2.0"
  resolved "https://registry.yarnpkg.com/get-stream/-/get-stream-5.2.0.tgz"
  dependencies:
    pump "^3.0.0"

getos@^3.2.1:
  version "3.2.1"
  resolved "https://registry.yarnpkg.com/getos/-/getos-3.2.1.tgz"
  dependencies:
    async "^3.2.0"

getpass@^0.1.1:
  version "0.1.7"
  resolved "https://registry.yarnpkg.com/getpass/-/getpass-0.1.7.tgz"
  dependencies:
    assert-plus "^1.0.0"

glob@^7.1.3:
  version "7.1.6"
  resolved "https://registry.yarnpkg.com/glob/-/glob-7.1.6.tgz"
  dependencies:
    fs.realpath "^1.0.0"
    inflight "^1.0.4"
    inherits "2"
    minimatch "^3.0.4"
    once "^1.3.0"
    path-is-absolute "^1.0.0"

global-dirs@^2.0.1:
  version "2.0.1"
  resolved "https://registry.yarnpkg.com/global-dirs/-/global-dirs-2.0.1.tgz"
  dependencies:
    ini "^1.3.5"

graceful-fs@^4.1.6, graceful-fs@^4.2.0:
  version "4.2.4"
  resolved "https://registry.yarnpkg.com/graceful-fs/-/graceful-fs-4.2.4.tgz"

har-schema@^2.0.0:
  version "2.0.0"
  resolved "https://registry.yarnpkg.com/har-schema/-/har-schema-2.0.0.tgz"

har-validator@~5.1.3:
  version "5.1.5"
  resolved "https://registry.yarnpkg.com/har-validator/-/har-validator-5.1.5.tgz"
  dependencies:
    ajv "^6.12.3"
    har-schema "^2.0.0"

has-ansi@^2.0.0:
  version "2.0.0"
  resolved "https://registry.yarnpkg.com/has-ansi/-/has-ansi-2.0.0.tgz"
  dependencies:
    ansi-regex "^2.0.0"

has-flag@^3.0.0:
  version "3.0.0"
  resolved "https://registry.yarnpkg.com/has-flag/-/has-flag-3.0.0.tgz"

has-flag@^4.0.0:
  version "4.0.0"
  resolved "https://registry.yarnpkg.com/has-flag/-/has-flag-4.0.0.tgz"

http-signature@~1.2.0:
  version "1.2.0"
  resolved "https://registry.yarnpkg.com/http-signature/-/http-signature-1.2.0.tgz"
  dependencies:
    assert-plus "^1.0.0"
    jsprim "^1.2.2"
    sshpk "^1.7.0"

human-signals@^1.1.1:
  version "1.1.1"
  resolved "https://registry.yarnpkg.com/human-signals/-/human-signals-1.1.1.tgz"

indent-string@^3.0.0:
  version "3.2.0"
  resolved "https://registry.yarnpkg.com/indent-string/-/indent-string-3.2.0.tgz"

inflight@^1.0.4:
  version "1.0.6"
  resolved "https://registry.yarnpkg.com/inflight/-/inflight-1.0.6.tgz"
  dependencies:
    once "^1.3.0"
    wrappy "1"

inherits@2, inherits@^2.0.3, inherits@~2.0.3:
  version "2.0.4"
  resolved "https://registry.yarnpkg.com/inherits/-/inherits-2.0.4.tgz"

ini@^1.3.5:
  version "1.3.5"
  resolved "https://registry.yarnpkg.com/ini/-/ini-1.3.5.tgz"

is-ci@^2.0.0:
  version "2.0.0"
  resolved "https://registry.yarnpkg.com/is-ci/-/is-ci-2.0.0.tgz"
  dependencies:
    ci-info "^2.0.0"

is-fullwidth-code-point@^1.0.0:
  version "1.0.0"
  resolved "https://registry.yarnpkg.com/is-fullwidth-code-point/-/is-fullwidth-code-point-1.0.0.tgz"
  dependencies:
    number-is-nan "^1.0.0"

is-fullwidth-code-point@^2.0.0:
  version "2.0.0"
  resolved "https://registry.yarnpkg.com/is-fullwidth-code-point/-/is-fullwidth-code-point-2.0.0.tgz"

is-fullwidth-code-point@^3.0.0:
  version "3.0.0"
  resolved "https://registry.yarnpkg.com/is-fullwidth-code-point/-/is-fullwidth-code-point-3.0.0.tgz"

is-installed-globally@^0.3.2:
  version "0.3.2"
  resolved "https://registry.yarnpkg.com/is-installed-globally/-/is-installed-globally-0.3.2.tgz"
  dependencies:
    global-dirs "^2.0.1"
    is-path-inside "^3.0.1"

is-observable@^1.1.0:
  version "1.1.0"
  resolved "https://registry.yarnpkg.com/is-observable/-/is-observable-1.1.0.tgz"
  dependencies:
    symbol-observable "^1.1.0"

is-path-inside@^3.0.1:
  version "3.0.2"
  resolved "https://registry.yarnpkg.com/is-path-inside/-/is-path-inside-3.0.2.tgz"

is-promise@^2.1.0:
  version "2.2.2"
  resolved "https://registry.yarnpkg.com/is-promise/-/is-promise-2.2.2.tgz"

is-stream@^1.1.0:
  version "1.1.0"
  resolved "https://registry.yarnpkg.com/is-stream/-/is-stream-1.1.0.tgz"

is-stream@^2.0.0:
  version "2.0.0"
  resolved "https://registry.yarnpkg.com/is-stream/-/is-stream-2.0.0.tgz"

is-typedarray@~1.0.0:
  version "1.0.0"
  resolved "https://registry.yarnpkg.com/is-typedarray/-/is-typedarray-1.0.0.tgz"

isarray@~1.0.0:
  version "1.0.0"
  resolved "https://registry.yarnpkg.com/isarray/-/isarray-1.0.0.tgz"

isexe@^2.0.0:
  version "2.0.0"
  resolved "https://registry.yarnpkg.com/isexe/-/isexe-2.0.0.tgz"

isstream@~0.1.2:
  version "0.1.2"
  resolved "https://registry.yarnpkg.com/isstream/-/isstream-0.1.2.tgz"

jsbn@~0.1.0:
  version "0.1.1"
  resolved "https://registry.yarnpkg.com/jsbn/-/jsbn-0.1.1.tgz"

json-schema-traverse@^0.4.1:
  version "0.4.1"
  resolved "https://registry.yarnpkg.com/json-schema-traverse/-/json-schema-traverse-0.4.1.tgz"

json-schema@0.2.3:
  version "0.2.3"
  resolved "https://registry.yarnpkg.com/json-schema/-/json-schema-0.2.3.tgz"

json-stringify-safe@~5.0.1:
  version "5.0.1"
  resolved "https://registry.yarnpkg.com/json-stringify-safe/-/json-stringify-safe-5.0.1.tgz"

jsonfile@^6.0.1:
  version "6.0.1"
  resolved "https://registry.yarnpkg.com/jsonfile/-/jsonfile-6.0.1.tgz"
  dependencies:
    universalify "^1.0.0"
  optionalDependencies:
    graceful-fs "^4.1.6"

jsonpointer.js@0.4.0:
  version "0.4.0"
  resolved "https://registry.npmjs.org/jsonpointer.js/-/jsonpointer.js-0.4.0.tgz"

jsprim@^1.2.2:
  version "1.4.1"
  resolved "https://registry.yarnpkg.com/jsprim/-/jsprim-1.4.1.tgz"
  dependencies:
    assert-plus "1.0.0"
    extsprintf "1.3.0"
    json-schema "0.2.3"
    verror "1.10.0"

lazy-ass@^1.6.0:
  version "1.6.0"
  resolved "https://registry.yarnpkg.com/lazy-ass/-/lazy-ass-1.6.0.tgz"

listr-silent-renderer@^1.1.1:
  version "1.1.1"
  resolved "https://registry.yarnpkg.com/listr-silent-renderer/-/listr-silent-renderer-1.1.1.tgz"

listr-update-renderer@^0.5.0:
  version "0.5.0"
  resolved "https://registry.yarnpkg.com/listr-update-renderer/-/listr-update-renderer-0.5.0.tgz"
  dependencies:
    chalk "^1.1.3"
    cli-truncate "^0.2.1"
    elegant-spinner "^1.0.1"
    figures "^1.7.0"
    indent-string "^3.0.0"
    log-symbols "^1.0.2"
    log-update "^2.3.0"
    strip-ansi "^3.0.1"

listr-verbose-renderer@^0.5.0:
  version "0.5.0"
  resolved "https://registry.yarnpkg.com/listr-verbose-renderer/-/listr-verbose-renderer-0.5.0.tgz"
  dependencies:
    chalk "^2.4.1"
    cli-cursor "^2.1.0"
    date-fns "^1.27.2"
    figures "^2.0.0"

listr@^0.14.3:
  version "0.14.3"
  resolved "https://registry.yarnpkg.com/listr/-/listr-0.14.3.tgz"
  dependencies:
    "@samverschueren/stream-to-observable" "^0.3.0"
    is-observable "^1.1.0"
    is-promise "^2.1.0"
    is-stream "^1.1.0"
    listr-silent-renderer "^1.1.1"
    listr-update-renderer "^0.5.0"
    listr-verbose-renderer "^0.5.0"
    p-map "^2.0.0"
    rxjs "^6.3.3"

lodash.once@^4.1.1:
  version "4.1.1"
  resolved "https://registry.yarnpkg.com/lodash.once/-/lodash.once-4.1.1.tgz"

lodash@^4.17.19:
  version "4.17.20"
  resolved "https://registry.yarnpkg.com/lodash/-/lodash-4.17.20.tgz"

log-symbols@^1.0.2:
  version "1.0.2"
  resolved "https://registry.yarnpkg.com/log-symbols/-/log-symbols-1.0.2.tgz"
  dependencies:
    chalk "^1.0.0"

log-symbols@^4.0.0:
  version "4.0.0"
  resolved "https://registry.yarnpkg.com/log-symbols/-/log-symbols-4.0.0.tgz"
  dependencies:
    chalk "^4.0.0"

log-update@^2.3.0:
  version "2.3.0"
  resolved "https://registry.yarnpkg.com/log-update/-/log-update-2.3.0.tgz"
  dependencies:
    ansi-escapes "^3.0.0"
    cli-cursor "^2.0.0"
    wrap-ansi "^3.0.1"

merge-stream@^2.0.0:
  version "2.0.0"
  resolved "https://registry.yarnpkg.com/merge-stream/-/merge-stream-2.0.0.tgz"

mime-db@1.44.0:
  version "1.44.0"
  resolved "https://registry.yarnpkg.com/mime-db/-/mime-db-1.44.0.tgz"

mime-types@^2.1.12, mime-types@~2.1.19:
  version "2.1.27"
  resolved "https://registry.yarnpkg.com/mime-types/-/mime-types-2.1.27.tgz"
  dependencies:
    mime-db "1.44.0"

mimic-fn@^1.0.0:
  version "1.2.0"
  resolved "https://registry.yarnpkg.com/mimic-fn/-/mimic-fn-1.2.0.tgz"

mimic-fn@^2.1.0:
  version "2.1.0"
  resolved "https://registry.yarnpkg.com/mimic-fn/-/mimic-fn-2.1.0.tgz"

minimatch@^3.0.4:
  version "3.1.2"
  resolved "https://registry.yarnpkg.com/minimatch/-/minimatch-3.1.2.tgz#19cd194bfd3e428f049a70817c038d89ab4be35b"
  dependencies:
    brace-expansion "^1.1.7"

minimist@^1.2.5:
  version "1.2.5"
  resolved "https://registry.yarnpkg.com/minimist/-/minimist-1.2.5.tgz"

mkdirp@^0.5.4:
  version "0.5.5"
  resolved "https://registry.yarnpkg.com/mkdirp/-/mkdirp-0.5.5.tgz"
  dependencies:
    minimist "^1.2.5"

moment@^2.27.0:
  version "2.27.0"
  resolved "https://registry.yarnpkg.com/moment/-/moment-2.27.0.tgz"

ms@2.0.0:
  version "2.0.0"
  resolved "https://registry.yarnpkg.com/ms/-/ms-2.0.0.tgz"

ms@^2.1.1:
  version "2.1.2"
  resolved "https://registry.yarnpkg.com/ms/-/ms-2.1.2.tgz"

npm-run-path@^4.0.0:
  version "4.0.1"
  resolved "https://registry.yarnpkg.com/npm-run-path/-/npm-run-path-4.0.1.tgz"
  dependencies:
    path-key "^3.0.0"

number-is-nan@^1.0.0:
  version "1.0.1"
  resolved "https://registry.yarnpkg.com/number-is-nan/-/number-is-nan-1.0.1.tgz"

oauth-sign@~0.9.0:
  version "0.9.0"
  resolved "https://registry.yarnpkg.com/oauth-sign/-/oauth-sign-0.9.0.tgz"

object-assign@^4.1.0:
  version "4.1.1"
  resolved "https://registry.yarnpkg.com/object-assign/-/object-assign-4.1.1.tgz"

once@^1.3.0, once@^1.3.1, once@^1.4.0:
  version "1.4.0"
  resolved "https://registry.yarnpkg.com/once/-/once-1.4.0.tgz"
  dependencies:
    wrappy "1"

onetime@^1.0.0:
  version "1.1.0"
  resolved "https://registry.yarnpkg.com/onetime/-/onetime-1.1.0.tgz"

onetime@^2.0.0:
  version "2.0.1"
  resolved "https://registry.yarnpkg.com/onetime/-/onetime-2.0.1.tgz"
  dependencies:
    mimic-fn "^1.0.0"

onetime@^5.1.0:
  version "5.1.2"
  resolved "https://registry.yarnpkg.com/onetime/-/onetime-5.1.2.tgz"
  dependencies:
    mimic-fn "^2.1.0"

ospath@^1.2.2:
  version "1.2.2"
  resolved "https://registry.yarnpkg.com/ospath/-/ospath-1.2.2.tgz"

p-map@^2.0.0:
  version "2.1.0"
  resolved "https://registry.yarnpkg.com/p-map/-/p-map-2.1.0.tgz"

path-is-absolute@^1.0.0:
  version "1.0.1"
  resolved "https://registry.yarnpkg.com/path-is-absolute/-/path-is-absolute-1.0.1.tgz"

path-key@^3.0.0, path-key@^3.1.0:
  version "3.1.1"
  resolved "https://registry.yarnpkg.com/path-key/-/path-key-3.1.1.tgz"

pend@~1.2.0:
  version "1.2.0"
  resolved "https://registry.yarnpkg.com/pend/-/pend-1.2.0.tgz"

performance-now@^2.1.0:
  version "2.1.0"
  resolved "https://registry.yarnpkg.com/performance-now/-/performance-now-2.1.0.tgz"

pify@^2.2.0:
  version "2.3.0"
  resolved "https://registry.yarnpkg.com/pify/-/pify-2.3.0.tgz"

pretty-bytes@^5.4.1:
  version "5.4.1"
  resolved "https://registry.yarnpkg.com/pretty-bytes/-/pretty-bytes-5.4.1.tgz"

process-nextick-args@~2.0.0:
  version "2.0.1"
  resolved "https://registry.yarnpkg.com/process-nextick-args/-/process-nextick-args-2.0.1.tgz"

psl@^1.1.28:
  version "1.8.0"
  resolved "https://registry.yarnpkg.com/psl/-/psl-1.8.0.tgz"

pump@^3.0.0:
  version "3.0.0"
  resolved "https://registry.yarnpkg.com/pump/-/pump-3.0.0.tgz"
  dependencies:
    end-of-stream "^1.1.0"
    once "^1.3.1"

punycode@1.3.2:
  version "1.3.2"
  resolved "https://registry.yarnpkg.com/punycode/-/punycode-1.3.2.tgz"

punycode@^2.1.0, punycode@^2.1.1:
  version "2.1.1"
  resolved "https://registry.yarnpkg.com/punycode/-/punycode-2.1.1.tgz"

qs@~6.5.2:
  version "6.5.2"
  resolved "https://registry.yarnpkg.com/qs/-/qs-6.5.2.tgz"

querystring@0.2.0:
  version "0.2.0"
  resolved "https://registry.yarnpkg.com/querystring/-/querystring-0.2.0.tgz"

ramda@~0.26.1:
  version "0.26.1"
  resolved "https://registry.yarnpkg.com/ramda/-/ramda-0.26.1.tgz"

readable-stream@^2.2.2:
  version "2.3.7"
  resolved "https://registry.yarnpkg.com/readable-stream/-/readable-stream-2.3.7.tgz"
  dependencies:
    core-util-is "~1.0.0"
    inherits "~2.0.3"
    isarray "~1.0.0"
    process-nextick-args "~2.0.0"
    safe-buffer "~5.1.1"
    string_decoder "~1.1.1"
    util-deprecate "~1.0.1"

request-progress@^3.0.0:
  version "3.0.0"
  resolved "https://registry.yarnpkg.com/request-progress/-/request-progress-3.0.0.tgz"
  dependencies:
    throttleit "^1.0.0"

restore-cursor@^1.0.1:
  version "1.0.1"
  resolved "https://registry.yarnpkg.com/restore-cursor/-/restore-cursor-1.0.1.tgz"
  dependencies:
    exit-hook "^1.0.0"
    onetime "^1.0.0"

restore-cursor@^2.0.0:
  version "2.0.0"
  resolved "https://registry.yarnpkg.com/restore-cursor/-/restore-cursor-2.0.0.tgz"
  dependencies:
    onetime "^2.0.0"
    signal-exit "^3.0.2"

rimraf@^3.0.0:
  version "3.0.2"
  resolved "https://registry.yarnpkg.com/rimraf/-/rimraf-3.0.2.tgz"
  dependencies:
    glob "^7.1.3"

rxjs@^6.3.3:
  version "6.6.2"
  resolved "https://registry.yarnpkg.com/rxjs/-/rxjs-6.6.2.tgz"
  dependencies:
    tslib "^1.9.0"

safe-buffer@^5.0.1, safe-buffer@^5.1.2:
  version "5.2.1"
  resolved "https://registry.yarnpkg.com/safe-buffer/-/safe-buffer-5.2.1.tgz"

safe-buffer@~5.1.0, safe-buffer@~5.1.1:
  version "5.1.2"
  resolved "https://registry.yarnpkg.com/safe-buffer/-/safe-buffer-5.1.2.tgz"

safer-buffer@^2.0.2, safer-buffer@^2.1.0, safer-buffer@~2.1.0:
  version "2.1.2"
  resolved "https://registry.yarnpkg.com/safer-buffer/-/safer-buffer-2.1.2.tgz"

shebang-command@^2.0.0:
  version "2.0.0"
  resolved "https://registry.yarnpkg.com/shebang-command/-/shebang-command-2.0.0.tgz"
  dependencies:
    shebang-regex "^3.0.0"

shebang-regex@^3.0.0:
  version "3.0.0"
  resolved "https://registry.yarnpkg.com/shebang-regex/-/shebang-regex-3.0.0.tgz"

signal-exit@^3.0.2:
  version "3.0.3"
  resolved "https://registry.yarnpkg.com/signal-exit/-/signal-exit-3.0.3.tgz"

slice-ansi@0.0.4:
  version "0.0.4"
  resolved "https://registry.yarnpkg.com/slice-ansi/-/slice-ansi-0.0.4.tgz"

sshpk@^1.7.0:
  version "1.16.1"
  resolved "https://registry.yarnpkg.com/sshpk/-/sshpk-1.16.1.tgz"
  dependencies:
    asn1 "~0.2.3"
    assert-plus "^1.0.0"
    bcrypt-pbkdf "^1.0.0"
    dashdash "^1.12.0"
    ecc-jsbn "~0.1.1"
    getpass "^0.1.1"
    jsbn "~0.1.0"
    safer-buffer "^2.0.2"
    tweetnacl "~0.14.0"

string-width@^1.0.1:
  version "1.0.2"
  resolved "https://registry.yarnpkg.com/string-width/-/string-width-1.0.2.tgz"
  dependencies:
    code-point-at "^1.0.0"
    is-fullwidth-code-point "^1.0.0"
    strip-ansi "^3.0.0"

string-width@^2.1.1:
  version "2.1.1"
  resolved "https://registry.yarnpkg.com/string-width/-/string-width-2.1.1.tgz"
  dependencies:
    is-fullwidth-code-point "^2.0.0"
    strip-ansi "^4.0.0"

string-width@^4.2.0:
  version "4.2.0"
  resolved "https://registry.yarnpkg.com/string-width/-/string-width-4.2.0.tgz"
  dependencies:
    emoji-regex "^8.0.0"
    is-fullwidth-code-point "^3.0.0"
    strip-ansi "^6.0.0"

string_decoder@~1.1.1:
  version "1.1.1"
  resolved "https://registry.yarnpkg.com/string_decoder/-/string_decoder-1.1.1.tgz"
  dependencies:
    safe-buffer "~5.1.0"

strip-ansi@^3.0.0, strip-ansi@^3.0.1:
  version "3.0.1"
  resolved "https://registry.yarnpkg.com/strip-ansi/-/strip-ansi-3.0.1.tgz"
  dependencies:
    ansi-regex "^2.0.0"

strip-ansi@^4.0.0:
  version "4.0.0"
  resolved "https://registry.yarnpkg.com/strip-ansi/-/strip-ansi-4.0.0.tgz"
  dependencies:
    ansi-regex "^3.0.0"

strip-ansi@^6.0.0:
  version "6.0.0"
  resolved "https://registry.yarnpkg.com/strip-ansi/-/strip-ansi-6.0.0.tgz"
  dependencies:
    ansi-regex "^5.0.0"

strip-final-newline@^2.0.0:
  version "2.0.0"
  resolved "https://registry.yarnpkg.com/strip-final-newline/-/strip-final-newline-2.0.0.tgz"

supports-color@^2.0.0:
  version "2.0.0"
  resolved "https://registry.yarnpkg.com/supports-color/-/supports-color-2.0.0.tgz"

supports-color@^5.3.0:
  version "5.5.0"
  resolved "https://registry.yarnpkg.com/supports-color/-/supports-color-5.5.0.tgz"
  dependencies:
    has-flag "^3.0.0"

supports-color@^7.1.0:
  version "7.1.0"
  resolved "https://registry.yarnpkg.com/supports-color/-/supports-color-7.1.0.tgz"
  dependencies:
    has-flag "^4.0.0"

supports-color@^7.2.0:
  version "7.2.0"
  resolved "https://registry.yarnpkg.com/supports-color/-/supports-color-7.2.0.tgz"
  dependencies:
    has-flag "^4.0.0"

symbol-observable@^1.1.0:
  version "1.2.0"
  resolved "https://registry.yarnpkg.com/symbol-observable/-/symbol-observable-1.2.0.tgz"

throttleit@^1.0.0:
  version "1.0.0"
  resolved "https://registry.yarnpkg.com/throttleit/-/throttleit-1.0.0.tgz"

tmp@~0.2.1:
  version "0.2.1"
  resolved "https://registry.yarnpkg.com/tmp/-/tmp-0.2.1.tgz"
  dependencies:
    rimraf "^3.0.0"

tough-cookie@~2.5.0:
  version "2.5.0"
  resolved "https://registry.yarnpkg.com/tough-cookie/-/tough-cookie-2.5.0.tgz"
  dependencies:
    psl "^1.1.28"
    punycode "^2.1.1"

tslib@^1.9.0:
  version "1.13.0"
  resolved "https://registry.yarnpkg.com/tslib/-/tslib-1.13.0.tgz"

tunnel-agent@^0.6.0:
  version "0.6.0"
  resolved "https://registry.yarnpkg.com/tunnel-agent/-/tunnel-agent-0.6.0.tgz"
  dependencies:
    safe-buffer "^5.0.1"

tv4@^1.3.0:
  version "1.3.0"
  resolved "https://registry.npmjs.org/tv4/-/tv4-1.3.0.tgz"

tweetnacl@^0.14.3, tweetnacl@~0.14.0:
  version "0.14.5"
  resolved "https://registry.yarnpkg.com/tweetnacl/-/tweetnacl-0.14.5.tgz"

typedarray@^0.0.6:
  version "0.0.6"
  resolved "https://registry.yarnpkg.com/typedarray/-/typedarray-0.0.6.tgz"

universalify@^1.0.0:
  version "1.0.0"
  resolved "https://registry.yarnpkg.com/universalify/-/universalify-1.0.0.tgz"

untildify@^4.0.0:
  version "4.0.0"
  resolved "https://registry.yarnpkg.com/untildify/-/untildify-4.0.0.tgz"

uri-js@^4.2.2:
  version "4.2.2"
  resolved "https://registry.yarnpkg.com/uri-js/-/uri-js-4.2.2.tgz"
  dependencies:
    punycode "^2.1.0"

url@^0.11.0:
  version "0.11.0"
  resolved "https://registry.yarnpkg.com/url/-/url-0.11.0.tgz"
  dependencies:
    punycode "1.3.2"
    querystring "0.2.0"

util-deprecate@~1.0.1:
  version "1.0.2"
  resolved "https://registry.yarnpkg.com/util-deprecate/-/util-deprecate-1.0.2.tgz"

uuid@^3.3.2:
  version "3.4.0"
  resolved "https://registry.yarnpkg.com/uuid/-/uuid-3.4.0.tgz"

verror@1.10.0:
  version "1.10.0"
  resolved "https://registry.yarnpkg.com/verror/-/verror-1.10.0.tgz"
  dependencies:
    assert-plus "^1.0.0"
    core-util-is "1.0.2"
    extsprintf "^1.2.0"

which@^2.0.1:
  version "2.0.2"
  resolved "https://registry.yarnpkg.com/which/-/which-2.0.2.tgz"
  dependencies:
    isexe "^2.0.0"

wrap-ansi@^3.0.1:
  version "3.0.1"
  resolved "https://registry.yarnpkg.com/wrap-ansi/-/wrap-ansi-3.0.1.tgz"
  dependencies:
    string-width "^2.1.1"
    strip-ansi "^4.0.0"

wrappy@1:
  version "1.0.2"
  resolved "https://registry.yarnpkg.com/wrappy/-/wrappy-1.0.2.tgz"

yauzl@^2.10.0:
  version "2.10.0"
  resolved "https://registry.yarnpkg.com/yauzl/-/yauzl-2.10.0.tgz"
  dependencies:
    buffer-crc32 "~0.2.3"
    fd-slicer "~1.1.0"
